
Microsoft Visual Studio Solution File, Format Version 12.00
# Visual Studio 15
VisualStudioVersion = 15.0.26730.16
MinimumVisualStudioVersion = 10.0.40219.1
Project("{FAE04EC0-301F-11D3-BF4B-00C04F79EFBC}") = "Mvv2", "Mvv2\Mvv2.csproj", "{2F9A95A3-D8EA-44AA-B6EC-1A8DF68F885B}"
EndProject
Global
	GlobalSection(SolutionConfigurationPlatforms) = preSolution
		Debug|Any CPU = Debug|Any CPU
		Release|Any CPU = Release|Any CPU
	EndGlobalSection
	GlobalSection(ProjectConfigurationPlatforms) = postSolution
		{2F9A95A3-D8EA-44AA-B6EC-1A8DF68F885B}.Debug|Any CPU.ActiveCfg = Debug|Any CPU
		{2F9A95A3-D8EA-44AA-B6EC-1A8DF68F885B}.Debug|Any CPU.Build.0 = Debug|Any CPU
		{2F9A95A3-D8EA-44AA-B6EC-1A8DF68F885B}.Release|Any CPU.ActiveCfg = Release|Any CPU
		{2F9A95A3-D8EA-44AA-B6EC-1A8DF68F885B}.Release|Any CPU.Build.0 = Release|Any CPU
	EndGlobalSection
	GlobalSection(SolutionProperties) = preSolution
		HideSolutionNode = FALSE
	EndGlobalSection
	GlobalSection(ExtensibilityGlobals) = postSolution
		SolutionGuid = {0DB21E5A-A252-46ED-A17A-2F0C10CEBF4C}
	EndGlobalSection
EndGlobal
